
Microsoft Visual Studio Solution File, Format Version 12.00
# Visual Studio Version 17
VisualStudioVersion = 17.9.34728.123
MinimumVisualStudioVersion = 10.0.40219.1
Project("{FAE04EC0-301F-11D3-BF4B-00C04F79EFBC}") = "da", "da\da.csproj", "{E88ACDAF-CBCE-40F2-852A-DA719CAB8CDC}"
EndProject
Global
	GlobalSection(SolutionConfigurationPlatforms) = preSolution
		Debug|Any CPU = Debug|Any CPU
		Release|Any CPU = Release|Any CPU
	EndGlobalSection
	GlobalSection(ProjectConfigurationPlatforms) = postSolution
		{E88ACDAF-CBCE-40F2-852A-DA719CAB8CDC}.Debug|Any CPU.ActiveCfg = Debug|Any CPU
		{E88ACDAF-CBCE-40F2-852A-DA719CAB8CDC}.Debug|Any CPU.Build.0 = Debug|Any CPU
		{E88ACDAF-CBCE-40F2-852A-DA719CAB8CDC}.Release|Any CPU.ActiveCfg = Release|Any CPU
		{E88ACDAF-CBCE-40F2-852A-DA719CAB8CDC}.Release|Any CPU.Build.0 = Release|Any CPU
	EndGlobalSection
	GlobalSection(SolutionProperties) = preSolution
		HideSolutionNode = FALSE
	EndGlobalSection
	GlobalSection(ExtensibilityGlobals) = postSolution
		SolutionGuid = {3CBBD90D-BE3E-4E9B-816D-D8467C22F1FF}
	EndGlobalSection
EndGlobal
